
Microsoft Visual Studio Solution File, Format Version 12.00
# Visual Studio Version 17
VisualStudioVersion = 17.7.34202.233
MinimumVisualStudioVersion = 10.0.40219.1
Project("{FAE04EC0-301F-11D3-BF4B-00C04F79EFBC}") = "ShapesRay", "ShapesRay.csproj", "{69E3202E-4C42-4127-B9C4-9412238E3715}"
EndProject
Global
	GlobalSection(SolutionConfigurationPlatforms) = preSolution
		Debug|Any CPU = Debug|Any CPU
		Release|Any CPU = Release|Any CPU
	EndGlobalSection
	GlobalSection(ProjectConfigurationPlatforms) = postSolution
		{69E3202E-4C42-4127-B9C4-9412238E3715}.Debug|Any CPU.ActiveCfg = Debug|Any CPU
		{69E3202E-4C42-4127-B9C4-9412238E3715}.Debug|Any CPU.Build.0 = Debug|Any CPU
		{69E3202E-4C42-4127-B9C4-9412238E3715}.Release|Any CPU.ActiveCfg = Release|Any CPU
		{69E3202E-4C42-4127-B9C4-9412238E3715}.Release|Any CPU.Build.0 = Release|Any CPU
	EndGlobalSection
	GlobalSection(SolutionProperties) = preSolution
		HideSolutionNode = FALSE
	EndGlobalSection
	GlobalSection(ExtensibilityGlobals) = postSolution
		SolutionGuid = {5298E7EC-6C86-458E-B930-39E6ADEA40F7}
	EndGlobalSection
EndGlobal
